
Microsoft Visual Studio Solution File, Format Version 12.00
# Visual Studio Version 17
VisualStudioVersion = 17.2.32630.192
MinimumVisualStudioVersion = 10.0.40219.1
Project("{FAE04EC0-301F-11D3-BF4B-00C04F79EFBC}") = "Video.API", "Video.API\Video.API.csproj", "{00F54344-CC7A-4DFE-A112-1A860E997576}"
EndProject
Project("{FAE04EC0-301F-11D3-BF4B-00C04F79EFBC}") = "Video.Infrastructure", "Video.Infrastructure\Video.Infrastructure.csproj", "{0E115469-1170-4514-9319-62FA5BD8E986}"
EndProject
Project("{FAE04EC0-301F-11D3-BF4B-00C04F79EFBC}") = "Video.Domain", "Video.Domain\Video.Domain.csproj", "{BD1B0F56-D1AB-4646-B9E7-42DDA85ABC5D}"
EndProject
Global
	GlobalSection(SolutionConfigurationPlatforms) = preSolution
		Debug|Any CPU = Debug|Any CPU
		Release|Any CPU = Release|Any CPU
	EndGlobalSection
	GlobalSection(ProjectConfigurationPlatforms) = postSolution
		{00F54344-CC7A-4DFE-A112-1A860E997576}.Debug|Any CPU.ActiveCfg = Debug|Any CPU
		{00F54344-CC7A-4DFE-A112-1A860E997576}.Debug|Any CPU.Build.0 = Debug|Any CPU
		{00F54344-CC7A-4DFE-A112-1A860E997576}.Release|Any CPU.ActiveCfg = Release|Any CPU
		{00F54344-CC7A-4DFE-A112-1A860E997576}.Release|Any CPU.Build.0 = Release|Any CPU
		{0E115469-1170-4514-9319-62FA5BD8E986}.Debug|Any CPU.ActiveCfg = Debug|Any CPU
		{0E115469-1170-4514-9319-62FA5BD8E986}.Debug|Any CPU.Build.0 = Debug|Any CPU
		{0E115469-1170-4514-9319-62FA5BD8E986}.Release|Any CPU.ActiveCfg = Release|Any CPU
		{0E115469-1170-4514-9319-62FA5BD8E986}.Release|Any CPU.Build.0 = Release|Any CPU
		{BD1B0F56-D1AB-4646-B9E7-42DDA85ABC5D}.Debug|Any CPU.ActiveCfg = Debug|Any CPU
		{BD1B0F56-D1AB-4646-B9E7-42DDA85ABC5D}.Debug|Any CPU.Build.0 = Debug|Any CPU
		{BD1B0F56-D1AB-4646-B9E7-42DDA85ABC5D}.Release|Any CPU.ActiveCfg = Release|Any CPU
		{BD1B0F56-D1AB-4646-B9E7-42DDA85ABC5D}.Release|Any CPU.Build.0 = Release|Any CPU
	EndGlobalSection
	GlobalSection(SolutionProperties) = preSolution
		HideSolutionNode = FALSE
	EndGlobalSection
	GlobalSection(ExtensibilityGlobals) = postSolution
		SolutionGuid = {E8A04C1E-AFCB-4094-B7C8-BD4E33665715}
	EndGlobalSection
EndGlobal
